
Microsoft Visual Studio Solution File, Format Version 12.00
# Visual Studio Version 17
VisualStudioVersion = 17.14.36518.9 d17.14
MinimumVisualStudioVersion = 10.0.40219.1
Project("{FAE04EC0-301F-11D3-BF4B-00C04F79EFBC}") = "DvojkovéVětvičky", "DvojkovéVětvičky\DvojkovéVětvičky.csproj", "{10444E6E-6D43-43D7-91A9-4B086A3D12F8}"
EndProject
Global
	GlobalSection(SolutionConfigurationPlatforms) = preSolution
		Debug|Any CPU = Debug|Any CPU
		Release|Any CPU = Release|Any CPU
	EndGlobalSection
	GlobalSection(ProjectConfigurationPlatforms) = postSolution
		{10444E6E-6D43-43D7-91A9-4B086A3D12F8}.Debug|Any CPU.ActiveCfg = Debug|Any CPU
		{10444E6E-6D43-43D7-91A9-4B086A3D12F8}.Debug|Any CPU.Build.0 = Debug|Any CPU
		{10444E6E-6D43-43D7-91A9-4B086A3D12F8}.Release|Any CPU.ActiveCfg = Release|Any CPU
		{10444E6E-6D43-43D7-91A9-4B086A3D12F8}.Release|Any CPU.Build.0 = Release|Any CPU
	EndGlobalSection
	GlobalSection(SolutionProperties) = preSolution
		HideSolutionNode = FALSE
	EndGlobalSection
	GlobalSection(ExtensibilityGlobals) = postSolution
		SolutionGuid = {6F465AEF-B275-428F-865F-44FA8CC1A196}
	EndGlobalSection
EndGlobal
